
Microsoft Visual Studio Solution File, Format Version 12.00
# Visual Studio Version 17
VisualStudioVersion = 17.14.36414.22
MinimumVisualStudioVersion = 10.0.40219.1
Project("{2150E333-8FDC-42A3-9474-1A3956D46DE8}") = "Task0", "Task0", "{02EA681E-C7D8-13C7-8484-4AC65E1B71E8}"
EndProject
Project("{FAE04EC0-301F-11D3-BF4B-00C04F79EFBC}") = "Tyuiu.KoryakinaAE.Sprint0.Task0.V0", "Tyuiu.KoryakinaAE.Sprint0.Task0.V0\Tyuiu.KoryakinaAE.Sprint0.Task0.V0.csproj", "{953C7E5B-C73C-467B-B82B-024AD0F32873}"
EndProject
Project("{2150E333-8FDC-42A3-9474-1A3956D46DE8}") = "Task1", "Task1", "{9014702B-BC24-4B28-BE54-75C2614D89A1}"
EndProject
Project("{FAE04EC0-301F-11D3-BF4B-00C04F79EFBC}") = "Tyuiu.KoryakinaAE.Sprint0.Task1.V0", "Tyuiu.KoryakinaAE.Sprint0.Task1.V0\Tyuiu.KoryakinaAE.Sprint0.Task1.V0.csproj", "{B66B905F-0AF7-48C1-9067-DF1C258449DC}"
EndProject
Global
	GlobalSection(SolutionConfigurationPlatforms) = preSolution
		Debug|Any CPU = Debug|Any CPU
		Release|Any CPU = Release|Any CPU
	EndGlobalSection
	GlobalSection(ProjectConfigurationPlatforms) = postSolution
		{953C7E5B-C73C-467B-B82B-024AD0F32873}.Debug|Any CPU.ActiveCfg = Debug|Any CPU
		{953C7E5B-C73C-467B-B82B-024AD0F32873}.Debug|Any CPU.Build.0 = Debug|Any CPU
		{953C7E5B-C73C-467B-B82B-024AD0F32873}.Release|Any CPU.ActiveCfg = Release|Any CPU
		{953C7E5B-C73C-467B-B82B-024AD0F32873}.Release|Any CPU.Build.0 = Release|Any CPU
		{B66B905F-0AF7-48C1-9067-DF1C258449DC}.Debug|Any CPU.ActiveCfg = Debug|Any CPU
		{B66B905F-0AF7-48C1-9067-DF1C258449DC}.Debug|Any CPU.Build.0 = Debug|Any CPU
		{B66B905F-0AF7-48C1-9067-DF1C258449DC}.Release|Any CPU.ActiveCfg = Release|Any CPU
		{B66B905F-0AF7-48C1-9067-DF1C258449DC}.Release|Any CPU.Build.0 = Release|Any CPU
	EndGlobalSection
	GlobalSection(SolutionProperties) = preSolution
		HideSolutionNode = FALSE
	EndGlobalSection
	GlobalSection(NestedProjects) = preSolution
		{953C7E5B-C73C-467B-B82B-024AD0F32873} = {02EA681E-C7D8-13C7-8484-4AC65E1B71E8}
		{B66B905F-0AF7-48C1-9067-DF1C258449DC} = {9014702B-BC24-4B28-BE54-75C2614D89A1}
	EndGlobalSection
	GlobalSection(ExtensibilityGlobals) = postSolution
		SolutionGuid = {2B28E927-2732-4CAE-9B9D-52450A59E3D0}
	EndGlobalSection
EndGlobal
